
Microsoft Visual Studio Solution File, Format Version 12.00
# Visual Studio Version 16
VisualStudioVersion = 16.0.32228.343
MinimumVisualStudioVersion = 10.0.40219.1
Project("{9A19103F-16F7-4668-BE54-9A1E7A4F7556}") = "entidades", "entidades\entidades.csproj", "{3752E18D-4218-4029-823C-872CBA764436}"
EndProject
Project("{9A19103F-16F7-4668-BE54-9A1E7A4F7556}") = "consolaDePrueba", "consolaDePrueba\consolaDePrueba.csproj", "{F43FD0F6-0FC4-4798-ADF5-51F8E370FB1D}"
EndProject
Project("{FAE04EC0-301F-11D3-BF4B-00C04F79EFBC}") = "MiCalculadora", "MiCalculadora\MiCalculadora.csproj", "{A680C6E0-DE95-482C-A6B4-2C0DB7985AAE}"
EndProject
Global
	GlobalSection(SolutionConfigurationPlatforms) = preSolution
		Debug|Any CPU = Debug|Any CPU
		Release|Any CPU = Release|Any CPU
	EndGlobalSection
	GlobalSection(ProjectConfigurationPlatforms) = postSolution
		{3752E18D-4218-4029-823C-872CBA764436}.Debug|Any CPU.ActiveCfg = Debug|Any CPU
		{3752E18D-4218-4029-823C-872CBA764436}.Debug|Any CPU.Build.0 = Debug|Any CPU
		{3752E18D-4218-4029-823C-872CBA764436}.Release|Any CPU.ActiveCfg = Release|Any CPU
		{3752E18D-4218-4029-823C-872CBA764436}.Release|Any CPU.Build.0 = Release|Any CPU
		{F43FD0F6-0FC4-4798-ADF5-51F8E370FB1D}.Debug|Any CPU.ActiveCfg = Debug|Any CPU
		{F43FD0F6-0FC4-4798-ADF5-51F8E370FB1D}.Debug|Any CPU.Build.0 = Debug|Any CPU
		{F43FD0F6-0FC4-4798-ADF5-51F8E370FB1D}.Release|Any CPU.ActiveCfg = Release|Any CPU
		{F43FD0F6-0FC4-4798-ADF5-51F8E370FB1D}.Release|Any CPU.Build.0 = Release|Any CPU
		{A680C6E0-DE95-482C-A6B4-2C0DB7985AAE}.Debug|Any CPU.ActiveCfg = Debug|Any CPU
		{A680C6E0-DE95-482C-A6B4-2C0DB7985AAE}.Debug|Any CPU.Build.0 = Debug|Any CPU
		{A680C6E0-DE95-482C-A6B4-2C0DB7985AAE}.Release|Any CPU.ActiveCfg = Release|Any CPU
		{A680C6E0-DE95-482C-A6B4-2C0DB7985AAE}.Release|Any CPU.Build.0 = Release|Any CPU
	EndGlobalSection
	GlobalSection(SolutionProperties) = preSolution
		HideSolutionNode = FALSE
	EndGlobalSection
	GlobalSection(ExtensibilityGlobals) = postSolution
		SolutionGuid = {E8DA6236-DECA-4CEF-ABF6-49FA67F124BE}
	EndGlobalSection
EndGlobal
